// !$*UTF8*$!
{
	archiveVersion = 1;
	classes = {
	};
	objectVersion = 55;
	objects = {

/* Begin PBXBuildFile section */
		470F7937279BDCC80046FC3E /* AppDelegate.swift in Sources */ = {isa = PBXBuildFile; fileRef = 470F7936279BDCC80046FC3E /* AppDelegate.swift */; };
		470F7939279BDCC80046FC3E /* SceneDelegate.swift in Sources */ = {isa = PBXBuildFile; fileRef = 470F7938279BDCC80046FC3E /* SceneDelegate.swift */; };
		470F793B279BDCC80046FC3E /* MainViewController.swift in Sources */ = {isa = PBXBuildFile; fileRef = 470F793A279BDCC80046FC3E /* MainViewController.swift */; };
		470F7940279BDCC80046FC3E /* Assets.xcassets in Resources */ = {isa = PBXBuildFile; fileRef = 470F793F279BDCC80046FC3E /* Assets.xcassets */; };
		470F7943279BDCC80046FC3E /* LaunchScreen.storyboard in Resources */ = {isa = PBXBuildFile; fileRef = 470F7941279BDCC80046FC3E /* LaunchScreen.storyboard */; };
		47F8E7B5279BE71B0027A723 /* .swiftlint.yml in Resources */ = {isa = PBXBuildFile; fileRef = 47F8E7B4279BE71B0027A723 /* .swiftlint.yml */; };
		47F8E7B7279BE7210027A723 /* .gitignore in Resources */ = {isa = PBXBuildFile; fileRef = 47F8E7B6279BE7210027A723 /* .gitignore */; };
		9DA78354D220781C0711AC1E /* Pods_GithubPlayground.framework in Frameworks */ = {isa = PBXBuildFile; fileRef = 7395798393033B4671138BCC /* Pods_GithubPlayground.framework */; };
/* End PBXBuildFile section */

/* Begin PBXFileReference section */
		3DB37C5A248E009EBFC2DF99 /* Pods-GithubPlayground.release.xcconfig */ = {isa = PBXFileReference; includeInIndex = 1; lastKnownFileType = text.xcconfig; name = "Pods-GithubPlayground.release.xcconfig"; path = "Target Support Files/Pods-GithubPlayground/Pods-GithubPlayground.release.xcconfig"; sourceTree = "<group>"; };
		470F7933279BDCC80046FC3E /* GithubPlayground.app */ = {isa = PBXFileReference; explicitFileType = wrapper.application; includeInIndex = 0; path = GithubPlayground.app; sourceTree = BUILT_PRODUCTS_DIR; };
		470F7936279BDCC80046FC3E /* AppDelegate.swift */ = {isa = PBXFileReference; lastKnownFileType = sourcecode.swift; path = AppDelegate.swift; sourceTree = "<group>"; };
		470F7938279BDCC80046FC3E /* SceneDelegate.swift */ = {isa = PBXFileReference; lastKnownFileType = sourcecode.swift; path = SceneDelegate.swift; sourceTree = "<group>"; };
		470F793A279BDCC80046FC3E /* MainViewController.swift */ = {isa = PBXFileReference; lastKnownFileType = sourcecode.swift; path = MainViewController.swift; sourceTree = "<group>"; };
		470F793F279BDCC80046FC3E /* Assets.xcassets */ = {isa = PBXFileReference; lastKnownFileType = folder.assetcatalog; path = Assets.xcassets; sourceTree = "<group>"; };
		470F7942279BDCC80046FC3E /* Base */ = {isa = PBXFileReference; lastKnownFileType = file.storyboard; name = Base; path = Base.lproj/LaunchScreen.storyboard; sourceTree = "<group>"; };
		470F7944279BDCC80046FC3E /* Info.plist */ = {isa = PBXFileReference; lastKnownFileType = text.plist.xml; path = Info.plist; sourceTree = "<group>"; };
		47F8E7B4279BE71B0027A723 /* .swiftlint.yml */ = {isa = PBXFileReference; fileEncoding = 4; lastKnownFileType = text.yaml; path = .swiftlint.yml; sourceTree = "<group>"; };
		47F8E7B6279BE7210027A723 /* .gitignore */ = {isa = PBXFileReference; fileEncoding = 4; lastKnownFileType = text; path = .gitignore; sourceTree = "<group>"; };
		7395798393033B4671138BCC /* Pods_GithubPlayground.framework */ = {isa = PBXFileReference; explicitFileType = wrapper.framework; includeInIndex = 0; path = Pods_GithubPlayground.framework; sourceTree = BUILT_PRODUCTS_DIR; };
		D0C9A0960534BE8AD1AD1C19 /* Pods-GithubPlayground.debug.xcconfig */ = {isa = PBXFileReference; includeInIndex = 1; lastKnownFileType = text.xcconfig; name = "Pods-GithubPlayground.debug.xcconfig"; path = "Target Support Files/Pods-GithubPlayground/Pods-GithubPlayground.debug.xcconfig"; sourceTree = "<group>"; };
/* End PBXFileReference section */

/* Begin PBXFrameworksBuildPhase section */
		470F7930279BDCC80046FC3E /* Frameworks */ = {
			isa = PBXFrameworksBuildPhase;
			buildActionMask = 2147483647;
			files = (
				9DA78354D220781C0711AC1E /* Pods_GithubPlayground.framework in Frameworks */,
			);
			runOnlyForDeploymentPostprocessing = 0;
		};
/* End PBXFrameworksBuildPhase section */

/* Begin PBXGroup section */
		10E299C283C169EA14094FDB /* Pods */ = {
			isa = PBXGroup;
			children = (
				D0C9A0960534BE8AD1AD1C19 /* Pods-GithubPlayground.debug.xcconfig */,
				3DB37C5A248E009EBFC2DF99 /* Pods-GithubPlayground.release.xcconfig */,
			);
			path = Pods;
			sourceTree = "<group>";
		};
		12FD995EDCCECD6AC1FD278F /* Frameworks */ = {
			isa = PBXGroup;
			children = (
				7395798393033B4671138BCC /* Pods_GithubPlayground.framework */,
			);
			name = Frameworks;
			sourceTree = "<group>";
		};
		470F792A279BDCC80046FC3E = {
			isa = PBXGroup;
			children = (
				47F8E7B6279BE7210027A723 /* .gitignore */,
				47F8E7B4279BE71B0027A723 /* .swiftlint.yml */,
				470F7935279BDCC80046FC3E /* GithubPlayground */,
				470F7934279BDCC80046FC3E /* Products */,
				10E299C283C169EA14094FDB /* Pods */,
				12FD995EDCCECD6AC1FD278F /* Frameworks */,
			);
			sourceTree = "<group>";
		};
		470F7934279BDCC80046FC3E /* Products */ = {
			isa = PBXGroup;
			children = (
				470F7933279BDCC80046FC3E /* GithubPlayground.app */,
			);
			name = Products;
			sourceTree = "<group>";
		};
		470F7935279BDCC80046FC3E /* GithubPlayground */ = {
			isa = PBXGroup;
			children = (
				470F7936279BDCC80046FC3E /* AppDelegate.swift */,
				470F7938279BDCC80046FC3E /* SceneDelegate.swift */,
				470F793A279BDCC80046FC3E /* MainViewController.swift */,
				470F793F279BDCC80046FC3E /* Assets.xcassets */,
				470F7941279BDCC80046FC3E /* LaunchScreen.storyboard */,
				470F7944279BDCC80046FC3E /* Info.plist */,
			);
			path = GithubPlayground;
			sourceTree = "<group>";
		};
/* End PBXGroup section */

/* Begin PBXNativeTarget section */
		470F7932279BDCC80046FC3E /* GithubPlayground */ = {
			isa = PBXNativeTarget;
			buildConfigurationList = 470F7947279BDCC80046FC3E /* Build configuration list for PBXNativeTarget "GithubPlayground" */;
			buildPhases = (
				E2E05F36130699C4B8207BAF /* [CP] Check Pods Manifest.lock */,
				470F792F279BDCC80046FC3E /* Sources */,
				47F8E7B3279BE6580027A723 /* SwiftLint */,
				470F7930279BDCC80046FC3E /* Frameworks */,
				470F7931279BDCC80046FC3E /* Resources */,
				570A05CA7626B85CA8E71F49 /* [CP] Embed Pods Frameworks */,
			);
			buildRules = (
			);
			dependencies = (
			);
			name = GithubPlayground;
			productName = GithubPlayground;
			productReference = 470F7933279BDCC80046FC3E /* GithubPlayground.app */;
			productType = "com.apple.product-type.application";
		};
/* End PBXNativeTarget section */

/* Begin PBXProject section */
		470F792B279BDCC80046FC3E /* Project object */ = {
			isa = PBXProject;
			attributes = {
				BuildIndependentTargetsInParallel = 1;
				LastSwiftUpdateCheck = 1320;
				LastUpgradeCheck = 1320;
				TargetAttributes = {
					470F7932279BDCC80046FC3E = {
						CreatedOnToolsVersion = 13.2.1;
					};
				};
			};
			buildConfigurationList = 470F792E279BDCC80046FC3E /* Build configuration list for PBXProject "GithubPlayground" */;
			compatibilityVersion = "Xcode 13.0";
			developmentRegion = en;
			hasScannedForEncodings = 0;
			knownRegions = (
				en,
				Base,
			);
			mainGroup = 470F792A279BDCC80046FC3E;
			productRefGroup = 470F7934279BDCC80046FC3E /* Products */;
			projectDirPath = "";
			projectRoot = "";
			targets = (
				470F7932279BDCC80046FC3E /* GithubPlayground */,
			);
		};
/* End PBXProject section */

/* Begin PBXResourcesBuildPhase section */
		470F7931279BDCC80046FC3E /* Resources */ = {
			isa = PBXResourcesBuildPhase;
			buildActionMask = 2147483647;
			files = (
				47F8E7B7279BE7210027A723 /* .gitignore in Resources */,
				47F8E7B5279BE71B0027A723 /* .swiftlint.yml in Resources */,
				470F7943279BDCC80046FC3E /* LaunchScreen.storyboard in Resources */,
				470F7940279BDCC80046FC3E /* Assets.xcassets in Resources */,
			);
			runOnlyForDeploymentPostprocessing = 0;
		};
/* End PBXResourcesBuildPhase section */

/* Begin PBXShellScriptBuildPhase section */
		47F8E7B3279BE6580027A723 /* SwiftLint */ = {
			isa = PBXShellScriptBuildPhase;
			buildActionMask = 2147483647;
			files = (
			);
			inputFileListPaths = (
			);
			inputPaths = (
			);
			name = SwiftLint;
			outputFileListPaths = (
			);
			outputPaths = (
			);
			runOnlyForDeploymentPostprocessing = 0;
			shellPath = /bin/sh;
			shellScript = "if which swiftlint >/dev/null; then\n \"${PODS_ROOT}/SwiftLint/swiftlint\" && \"${PODS_ROOT}/SwiftLint/swiftlint\" autocorrect\nelse\n  echo \"warning: SwiftLint not installed, download from https://github.com/realm/SwiftLint\"\nfi\n";
		};
		570A05CA7626B85CA8E71F49 /* [CP] Embed Pods Frameworks */ = {
			isa = PBXShellScriptBuildPhase;
			buildActionMask = 2147483647;
			files = (
			);
			inputFileListPaths = (
				"${PODS_ROOT}/Target Support Files/Pods-GithubPlayground/Pods-GithubPlayground-frameworks-${CONFIGURATION}-input-files.xcfilelist",
			);
			name = "[CP] Embed Pods Frameworks";
			outputFileListPaths = (
				"${PODS_ROOT}/Target Support Files/Pods-GithubPlayground/Pods-GithubPlayground-frameworks-${CONFIGURATION}-output-files.xcfilelist",
			);
			runOnlyForDeploymentPostprocessing = 0;
			shellPath = /bin/sh;
			shellScript = "\"${PODS_ROOT}/Target Support Files/Pods-GithubPlayground/Pods-GithubPlayground-frameworks.sh\"\n";
			showEnvVarsInLog = 0;
		};
		E2E05F36130699C4B8207BAF /* [CP] Check Pods Manifest.lock */ = {
			isa = PBXShellScriptBuildPhase;
			buildActionMask = 2147483647;
			files = (
			);
			inputFileListPaths = (
			);
			inputPaths = (
				"${PODS_PODFILE_DIR_PATH}/Podfile.lock",
				"${PODS_ROOT}/Manifest.lock",
			);
			name = "[CP] Check Pods Manifest.lock";
			outputFileListPaths = (
			);
			outputPaths = (
				"$(DERIVED_FILE_DIR)/Pods-GithubPlayground-checkManifestLockResult.txt",
			);
			runOnlyForDeploymentPostprocessing = 0;
			shellPath = /bin/sh;
			shellScript = "diff \"${PODS_PODFILE_DIR_PATH}/Podfile.lock\" \"${PODS_ROOT}/Manifest.lock\" > /dev/null\nif [ $? != 0 ] ; then\n    # print error to STDERR\n    echo \"error: The sandbox is not in sync with the Podfile.lock. Run 'pod install' or update your CocoaPods installation.\" >&2\n    exit 1\nfi\n# This output is used by Xcode 'outputs' to avoid re-running this script phase.\necho \"SUCCESS\" > \"${SCRIPT_OUTPUT_FILE_0}\"\n";
			showEnvVarsInLog = 0;
		};
/* End PBXShellScriptBuildPhase section */

/* Begin PBXSourcesBuildPhase section */
		470F792F279BDCC80046FC3E /* Sources */ = {
			isa = PBXSourcesBuildPhase;
			buildActionMask = 2147483647;
			files = (
				470F793B279BDCC80046FC3E /* MainViewController.swift in Sources */,
				470F7937279BDCC80046FC3E /* AppDelegate.swift in Sources */,
				470F7939279BDCC80046FC3E /* SceneDelegate.swift in Sources */,
			);
			runOnlyForDeploymentPostprocessing = 0;
		};
/* End PBXSourcesBuildPhase section */

/* Begin PBXVariantGroup section */
		470F7941279BDCC80046FC3E /* LaunchScreen.storyboard */ = {
			isa = PBXVariantGroup;
			children = (
				470F7942279BDCC80046FC3E /* Base */,
			);
			name = LaunchScreen.storyboard;
			sourceTree = "<group>";
		};
/* End PBXVariantGroup section */

/* Begin XCBuildConfiguration section */
		470F7945279BDCC80046FC3E /* Debug */ = {
			isa = XCBuildConfiguration;
			buildSettings = {
				ALWAYS_SEARCH_USER_PATHS = NO;
				CLANG_ANALYZER_NONNULL = YES;
				CLANG_ANALYZER_NUMBER_OBJECT_CONVERSION = YES_AGGRESSIVE;
				CLANG_CXX_LANGUAGE_STANDARD = "gnu++17";
				CLANG_CXX_LIBRARY = "libc++";
				CLANG_ENABLE_MODULES = YES;
				CLANG_ENABLE_OBJC_ARC = YES;
				CLANG_ENABLE_OBJC_WEAK = YES;
				CLANG_WARN_BLOCK_CAPTURE_AUTORELEASING = YES;
				CLANG_WARN_BOOL_CONVERSION = YES;
				CLANG_WARN_COMMA = YES;
				CLANG_WARN_CONSTANT_CONVERSION = YES;
				CLANG_WARN_DEPRECATED_OBJC_IMPLEMENTATIONS = YES;
				CLANG_WARN_DIRECT_OBJC_ISA_USAGE = YES_ERROR;
				CLANG_WARN_DOCUMENTATION_COMMENTS = YES;
				CLANG_WARN_EMPTY_BODY = YES;
				CLANG_WARN_ENUM_CONVERSION = YES;
				CLANG_WARN_INFINITE_RECURSION = YES;
				CLANG_WARN_INT_CONVERSION = YES;
				CLANG_WARN_NON_LITERAL_NULL_CONVERSION = YES;
				CLANG_WARN_OBJC_IMPLICIT_RETAIN_SELF = YES;
				CLANG_WARN_OBJC_LITERAL_CONVERSION = YES;
				CLANG_WARN_OBJC_ROOT_CLASS = YES_ERROR;
				CLANG_WARN_QUOTED_INCLUDE_IN_FRAMEWORK_HEADER = YES;
				CLANG_WARN_RANGE_LOOP_ANALYSIS = YES;
				CLANG_WARN_STRICT_PROTOTYPES = YES;
				CLANG_WARN_SUSPICIOUS_MOVE = YES;
				CLANG_WARN_UNGUARDED_AVAILABILITY = YES_AGGRESSIVE;
				CLANG_WARN_UNREACHABLE_CODE = YES;
				CLANG_WARN__DUPLICATE_METHOD_MATCH = YES;
				COPY_PHASE_STRIP = NO;
				DEBUG_INFORMATION_FORMAT = dwarf;
				ENABLE_STRICT_OBJC_MSGSEND = YES;
				ENABLE_TESTABILITY = YES;
				GCC_C_LANGUAGE_STANDARD = gnu11;
				GCC_DYNAMIC_NO_PIC = NO;
				GCC_NO_COMMON_BLOCKS = YES;
				GCC_OPTIMIZATION_LEVEL = 0;
				GCC_PREPROCESSOR_DEFINITIONS = (
					"DEBUG=1",
					"$(inherited)",
				);
				GCC_WARN_64_TO_32_BIT_CONVERSION = YES;
				GCC_WARN_ABOUT_RETURN_TYPE = YES_ERROR;
				GCC_WARN_UNDECLARED_SELECTOR = YES;
				GCC_WARN_UNINITIALIZED_AUTOS = YES_AGGRESSIVE;
				GCC_WARN_UNUSED_FUNCTION = YES;
				GCC_WARN_UNUSED_VARIABLE = YES;
				IPHONEOS_DEPLOYMENT_TARGET = 15.2;
				MTL_ENABLE_DEBUG_INFO = INCLUDE_SOURCE;
				MTL_FAST_MATH = YES;
				ONLY_ACTIVE_ARCH = YES;
				SDKROOT = iphoneos;
				SWIFT_ACTIVE_COMPILATION_CONDITIONS = DEBUG;
				SWIFT_OPTIMIZATION_LEVEL = "-Onone";
			};
			name = Debug;
		};
		470F7946279BDCC80046FC3E /* Release */ = {
			isa = XCBuildConfiguration;
			buildSettings = {
				ALWAYS_SEARCH_USER_PATHS = NO;
				CLANG_ANALYZER_NONNULL = YES;
				CLANG_ANALYZER_NUMBER_OBJECT_CONVERSION = YES_AGGRESSIVE;
				CLANG_CXX_LANGUAGE_STANDARD = "gnu++17";
				CLANG_CXX_LIBRARY = "libc++";
				CLANG_ENABLE_MODULES = YES;
				CLANG_ENABLE_OBJC_ARC = YES;
				CLANG_ENABLE_OBJC_WEAK = YES;
				CLANG_WARN_BLOCK_CAPTURE_AUTORELEASING = YES;
				CLANG_WARN_BOOL_CONVERSION = YES;
				CLANG_WARN_COMMA = YES;
				CLANG_WARN_CONSTANT_CONVERSION = YES;
				CLANG_WARN_DEPRECATED_OBJC_IMPLEMENTATIONS = YES;
				CLANG_WARN_DIRECT_OBJC_ISA_USAGE = YES_ERROR;
				CLANG_WARN_DOCUMENTATION_COMMENTS = YES;
				CLANG_WARN_EMPTY_BODY = YES;
				CLANG_WARN_ENUM_CONVERSION = YES;
				CLANG_WARN_INFINITE_RECURSION = YES;
				CLANG_WARN_INT_CONVERSION = YES;
				CLANG_WARN_NON_LITERAL_NULL_CONVERSION = YES;
				CLANG_WARN_OBJC_IMPLICIT_RETAIN_SELF = YES;
				CLANG_WARN_OBJC_LITERAL_CONVERSION = YES;
				CLANG_WARN_OBJC_ROOT_CLASS = YES_ERROR;
				CLANG_WARN_QUOTED_INCLUDE_IN_FRAMEWORK_HEADER = YES;
				CLANG_WARN_RANGE_LOOP_ANALYSIS = YES;
				CLANG_WARN_STRICT_PROTOTYPES = YES;
				CLANG_WARN_SUSPICIOUS_MOVE = YES;
				CLANG_WARN_UNGUARDED_AVAILABILITY = YES_AGGRESSIVE;
				CLANG_WARN_UNREACHABLE_CODE = YES;
				CLANG_WARN__DUPLICATE_METHOD_MATCH = YES;
				COPY_PHASE_STRIP = NO;
				DEBUG_INFORMATION_FORMAT = "dwarf-with-dsym";
				ENABLE_NS_ASSERTIONS = NO;
				ENABLE_STRICT_OBJC_MSGSEND = YES;
				GCC_C_LANGUAGE_STANDARD = gnu11;
				GCC_NO_COMMON_BLOCKS = YES;
				GCC_WARN_64_TO_32_BIT_CONVERSION = YES;
				GCC_WARN_ABOUT_RETURN_TYPE = YES_ERROR;
				GCC_WARN_UNDECLARED_SELECTOR = YES;
				GCC_WARN_UNINITIALIZED_AUTOS = YES_AGGRESSIVE;
				GCC_WARN_UNUSED_FUNCTION = YES;
				GCC_WARN_UNUSED_VARIABLE = YES;
				IPHONEOS_DEPLOYMENT_TARGET = 15.2;
				MTL_ENABLE_DEBUG_INFO = NO;
				MTL_FAST_MATH = YES;
				SDKROOT = iphoneos;
				SWIFT_COMPILATION_MODE = wholemodule;
				SWIFT_OPTIMIZATION_LEVEL = "-O";
				VALIDATE_PRODUCT = YES;
			};
			name = Release;
		};
		470F7948279BDCC80046FC3E /* Debug */ = {
			isa = XCBuildConfiguration;
			baseConfigurationReference = D0C9A0960534BE8AD1AD1C19 /* Pods-GithubPlayground.debug.xcconfig */;
			buildSettings = {
				ASSETCATALOG_COMPILER_APPICON_NAME = AppIcon;
				ASSETCATALOG_COMPILER_GLOBAL_ACCENT_COLOR_NAME = AccentColor;
				CODE_SIGN_STYLE = Automatic;
				CURRENT_PROJECT_VERSION = 1;
				DEVELOPMENT_TEAM = RG2VZ3WQZW;
				GENERATE_INFOPLIST_FILE = YES;
				INFOPLIST_FILE = GithubPlayground/Info.plist;
				INFOPLIST_KEY_UIApplicationSupportsIndirectInputEvents = YES;
				INFOPLIST_KEY_UILaunchStoryboardName = LaunchScreen;
				INFOPLIST_KEY_UISupportedInterfaceOrientations_iPad = "UIInterfaceOrientationPortrait UIInterfaceOrientationPortraitUpsideDown UIInterfaceOrientationLandscapeLeft UIInterfaceOrientationLandscapeRight";
				INFOPLIST_KEY_UISupportedInterfaceOrientations_iPhone = "UIInterfaceOrientationPortrait UIInterfaceOrientationLandscapeLeft UIInterfaceOrientationLandscapeRight";
				IPHONEOS_DEPLOYMENT_TARGET = 15.0;
				LD_RUNPATH_SEARCH_PATHS = (
					"$(inherited)",
					"@executable_path/Frameworks",
				);
				MARKETING_VERSION = 1.0;
				PRODUCT_BUNDLE_IDENTIFIER = com.billycychan.GithubPlayground;
				PRODUCT_NAME = "$(TARGET_NAME)";
				SWIFT_EMIT_LOC_STRINGS = YES;
				SWIFT_VERSION = 5.0;
				TARGETED_DEVICE_FAMILY = 1;
			};
			name = Debug;
		};
		470F7949279BDCC80046FC3E /* Release */ = {
			isa = XCBuildConfiguration;
			baseConfigurationReference = 3DB37C5A248E009EBFC2DF99 /* Pods-GithubPlayground.release.xcconfig */;
			buildSettings = {
				ASSETCATALOG_COMPILER_APPICON_NAME = AppIcon;
				ASSETCATALOG_COMPILER_GLOBAL_ACCENT_COLOR_NAME = AccentColor;
				CODE_SIGN_STYLE = Automatic;
				CURRENT_PROJECT_VERSION = 1;
				DEVELOPMENT_TEAM = RG2VZ3WQZW;
				GENERATE_INFOPLIST_FILE = YES;
				INFOPLIST_FILE = GithubPlayground/Info.plist;
				INFOPLIST_KEY_UIApplicationSupportsIndirectInputEvents = YES;
				INFOPLIST_KEY_UILaunchStoryboardName = LaunchScreen;
				INFOPLIST_KEY_UISupportedInterfaceOrientations_iPad = "UIInterfaceOrientationPortrait UIInterfaceOrientationPortraitUpsideDown UIInterfaceOrientationLandscapeLeft UIInterfaceOrientationLandscapeRight";
				INFOPLIST_KEY_UISupportedInterfaceOrientations_iPhone = "UIInterfaceOrientationPortrait UIInterfaceOrientationLandscapeLeft UIInterfaceOrientationLandscapeRight";
				IPHONEOS_DEPLOYMENT_TARGET = 15.0;
				LD_RUNPATH_SEARCH_PATHS = (
					"$(inherited)",
					"@executable_path/Frameworks",
				);
				MARKETING_VERSION = 1.0;
				PRODUCT_BUNDLE_IDENTIFIER = com.billycychan.GithubPlayground;
				PRODUCT_NAME = "$(TARGET_NAME)";
				SWIFT_EMIT_LOC_STRINGS = YES;
				SWIFT_VERSION = 5.0;
				TARGETED_DEVICE_FAMILY = 1;
			};
			name = Release;
		};
/* End XCBuildConfiguration section */

/* Begin XCConfigurationList section */
		470F792E279BDCC80046FC3E /* Build configuration list for PBXProject "GithubPlayground" */ = {
			isa = XCConfigurationList;
			buildConfigurations = (
				470F7945279BDCC80046FC3E /* Debug */,
				470F7946279BDCC80046FC3E /* Release */,
			);
			defaultConfigurationIsVisible = 0;
			defaultConfigurationName = Release;
		};
		470F7947279BDCC80046FC3E /* Build configuration list for PBXNativeTarget "GithubPlayground" */ = {
			isa = XCConfigurationList;
			buildConfigurations = (
				470F7948279BDCC80046FC3E /* Debug */,
				470F7949279BDCC80046FC3E /* Release */,
			);
			defaultConfigurationIsVisible = 0;
			defaultConfigurationName = Release;
		};
/* End XCConfigurationList section */
	};
	rootObject = 470F792B279BDCC80046FC3E /* Project object */;
}
